// !$*UTF8*$!
{
	archiveVersion = 1;
	classes = {
	};
	objectVersion = 46;
	objects = {

/* Begin PBXBuildFile section */
		4808922F1A79A1240050F230 /* VYNC.xcdatamodeld in Sources */ = {isa = PBXBuildFile; fileRef = 4808922D1A79A1240050F230 /* VYNC.xcdatamodeld */; };
		481AF2591A705B630018B887 /* Egypt22.ttf in Resources */ = {isa = PBXBuildFile; fileRef = 481AF2581A705B630018B887 /* Egypt22.ttf */; };
		481AF25B1A706B5F0018B887 /* VyncCell.swift in Sources */ = {isa = PBXBuildFile; fileRef = 481AF25A1A706B5F0018B887 /* VyncCell.swift */; };
		483663911A7536070096AE64 /* Vync.swift in Sources */ = {isa = PBXBuildFile; fileRef = 483663901A7536070096AE64 /* Vync.swift */; };
		483663991A75A80E0096AE64 /* ContactsViewController.swift in Sources */ = {isa = PBXBuildFile; fileRef = 483663981A75A80E0096AE64 /* ContactsViewController.swift */; };
		4846BCC31A810DA200FC489C /* LoginViewController.swift in Sources */ = {isa = PBXBuildFile; fileRef = 4846BCC21A810DA200FC489C /* LoginViewController.swift */; };
		4875B2FD1A6C79760030AABD /* AppDelegate.swift in Sources */ = {isa = PBXBuildFile; fileRef = 4875B2FC1A6C79760030AABD /* AppDelegate.swift */; };
		4875B3051A6C79760030AABD /* Main.storyboard in Resources */ = {isa = PBXBuildFile; fileRef = 4875B3031A6C79760030AABD /* Main.storyboard */; };
		4875B3071A6C79760030AABD /* Images.xcassets in Resources */ = {isa = PBXBuildFile; fileRef = 4875B3061A6C79760030AABD /* Images.xcassets */; };
		4875B30A1A6C79760030AABD /* LaunchScreen.xib in Resources */ = {isa = PBXBuildFile; fileRef = 4875B3081A6C79760030AABD /* LaunchScreen.xib */; };
		4875B3161A6C79760030AABD /* VYNCTests.swift in Sources */ = {isa = PBXBuildFile; fileRef = 4875B3151A6C79760030AABD /* VYNCTests.swift */; };
		4875B3201A6C79B50030AABD /* VyncListViewController.swift in Sources */ = {isa = PBXBuildFile; fileRef = 4875B31F1A6C79B50030AABD /* VyncListViewController.swift */; };
		48883BA91A71CFD70024F2DA /* HexColor.swift in Sources */ = {isa = PBXBuildFile; fileRef = 48883BA81A71CFD70024F2DA /* HexColor.swift */; };
		48883BAE1A7224A50024F2DA /* IMG_0370.MOV in Resources */ = {isa = PBXBuildFile; fileRef = 48883BAD1A7224A50024F2DA /* IMG_0370.MOV */; };
		48883BB01A72967F0024F2DA /* camera-rotate.png in Resources */ = {isa = PBXBuildFile; fileRef = 48883BAF1A72967F0024F2DA /* camera-rotate.png */; };
		48883BB81A73D96D0024F2DA /* LoadFromNibExtension.swift in Sources */ = {isa = PBXBuildFile; fileRef = 48883BB71A73D96D0024F2DA /* LoadFromNibExtension.swift */; };
		489105FA1A9B726F00DDA009 /* LoginPageViewController.swift in Sources */ = {isa = PBXBuildFile; fileRef = 489105F91A9B726F00DDA009 /* LoginPageViewController.swift */; };
		489105FF1A9B90A500DDA009 /* p1.png in Resources */ = {isa = PBXBuildFile; fileRef = 489105FB1A9B90A500DDA009 /* p1.png */; };
		489106001A9B90A500DDA009 /* p2.png in Resources */ = {isa = PBXBuildFile; fileRef = 489105FC1A9B90A500DDA009 /* p2.png */; };
		489106011A9B90A500DDA009 /* p3.png in Resources */ = {isa = PBXBuildFile; fileRef = 489105FD1A9B90A500DDA009 /* p3.png */; };
		489106021A9B90A500DDA009 /* p4.png in Resources */ = {isa = PBXBuildFile; fileRef = 489105FE1A9B90A500DDA009 /* p4.png */; };
		4899A1C21A705A6D005D3BE0 /* envelope.png in Resources */ = {isa = PBXBuildFile; fileRef = 4899A1C01A705A6D005D3BE0 /* envelope.png */; };
		4899A1C31A705A6D005D3BE0 /* vynclogo.png in Resources */ = {isa = PBXBuildFile; fileRef = 4899A1C11A705A6D005D3BE0 /* vynclogo.png */; };
		489A9A061A8CFBA000902CC9 /* MyStatsViewController.swift in Sources */ = {isa = PBXBuildFile; fileRef = 489A9A051A8CFBA000902CC9 /* MyStatsViewController.swift */; };
		489A9A081A8D2B6B00902CC9 /* VYNC.mov in Resources */ = {isa = PBXBuildFile; fileRef = 489A9A071A8D2B6B00902CC9 /* VYNC.mov */; };
		489BA1C31A8E2DB3006DE44F /* flaticon.ttf in Resources */ = {isa = PBXBuildFile; fileRef = 489BA1C21A8E2DB3006DE44F /* flaticon.ttf */; };
		48A361041A7FBD380023D6DC /* AF+Date+Extension.swift in Sources */ = {isa = PBXBuildFile; fileRef = 48A361031A7FBD380023D6DC /* AF+Date+Extension.swift */; };
		48A4DE781A7A5FC8000087A2 /* AR.swift in Sources */ = {isa = PBXBuildFile; fileRef = 48A4DE771A7A5FC8000087A2 /* AR.swift */; };
		48A4DE7A1A7A600C000087A2 /* User.swift in Sources */ = {isa = PBXBuildFile; fileRef = 48A4DE791A7A600C000087A2 /* User.swift */; };
		48BAECD91A782897005CC762 /* VyncCameraViewController.swift in Sources */ = {isa = PBXBuildFile; fileRef = 48BAECD81A782897005CC762 /* VyncCameraViewController.swift */; };
		48BAECDD1A7829F8005CC762 /* VyncCameraPlaybackLayer.xib in Resources */ = {isa = PBXBuildFile; fileRef = 48BAECDC1A7829F8005CC762 /* VyncCameraPlaybackLayer.xib */; };
		48CBB63C1A76A76C004A6E6D /* TitleViewController.swift in Sources */ = {isa = PBXBuildFile; fileRef = 48CBB63B1A76A76C004A6E6D /* TitleViewController.swift */; };
		48CE912E1A9F7312004B6271 /* Crashlytics.framework in Frameworks */ = {isa = PBXBuildFile; fileRef = 48CE912C1A9F7312004B6271 /* Crashlytics.framework */; };
		48CE912F1A9F7312004B6271 /* Fabric.framework in Frameworks */ = {isa = PBXBuildFile; fileRef = 48CE912D1A9F7312004B6271 /* Fabric.framework */; };
		48CEDE201A7BC3AD0015997D /* GlobalVars.swift in Sources */ = {isa = PBXBuildFile; fileRef = 48CEDE1F1A7BC3AD0015997D /* GlobalVars.swift */; };
		48CEDE221A7BC4E00015997D /* VideoMessage.swift in Sources */ = {isa = PBXBuildFile; fileRef = 48CEDE211A7BC4E00015997D /* VideoMessage.swift */; };
		48E9F7861A7960EB0034CF5E /* HTTPRequestSerializer.swift in Sources */ = {isa = PBXBuildFile; fileRef = 48E9F7851A7960EB0034CF5E /* HTTPRequestSerializer.swift */; };
		48E9F7881A7960F80034CF5E /* HTTPResponseSerializer.swift in Sources */ = {isa = PBXBuildFile; fileRef = 48E9F7871A7960F80034CF5E /* HTTPResponseSerializer.swift */; };
		48E9F78A1A7961050034CF5E /* HTTPTask.swift in Sources */ = {isa = PBXBuildFile; fileRef = 48E9F7891A7961050034CF5E /* HTTPTask.swift */; };
		48E9F78C1A79610D0034CF5E /* HTTPUpload.swift in Sources */ = {isa = PBXBuildFile; fileRef = 48E9F78B1A79610D0034CF5E /* HTTPUpload.swift */; };
		48E9F78E1A79618C0034CF5E /* JSONJoy.swift in Sources */ = {isa = PBXBuildFile; fileRef = 48E9F78D1A79618C0034CF5E /* JSONJoy.swift */; };
		48E9F7901A7961F90034CF5E /* Sycner.swift in Sources */ = {isa = PBXBuildFile; fileRef = 48E9F78F1A7961F90034CF5E /* Sycner.swift */; };
		48F1193A1A784CCD00A02828 /* QueueLoopVideoPlayer.swift in Sources */ = {isa = PBXBuildFile; fileRef = 48F119391A784CCD00A02828 /* QueueLoopVideoPlayer.swift */; };
		48F1193C1A78605D00A02828 /* PlaybackOverlay.swift in Sources */ = {isa = PBXBuildFile; fileRef = 48F1193B1A78605D00A02828 /* PlaybackOverlay.swift */; };
		976D457F1A8129A200E6606F /* FacebookSDK.framework in Frameworks */ = {isa = PBXBuildFile; fileRef = 976D457E1A8129A200E6606F /* FacebookSDK.framework */; };
/* End PBXBuildFile section */

/* Begin PBXContainerItemProxy section */
		4875B3101A6C79760030AABD /* PBXContainerItemProxy */ = {
			isa = PBXContainerItemProxy;
			containerPortal = 4875B2EF1A6C79760030AABD /* Project object */;
			proxyType = 1;
			remoteGlobalIDString = 4875B2F61A6C79760030AABD;
			remoteInfo = VYNC;
		};
/* End PBXContainerItemProxy section */

/* Begin PBXFileReference section */
		4808922E1A79A1240050F230 /* VYNC.xcdatamodel */ = {isa = PBXFileReference; lastKnownFileType = wrapper.xcdatamodel; path = VYNC.xcdatamodel; sourceTree = "<group>"; };
		481AF2581A705B630018B887 /* Egypt22.ttf */ = {isa = PBXFileReference; lastKnownFileType = file; path = Egypt22.ttf; sourceTree = "<group>"; };
		481AF25A1A706B5F0018B887 /* VyncCell.swift */ = {isa = PBXFileReference; fileEncoding = 4; lastKnownFileType = sourcecode.swift; path = VyncCell.swift; sourceTree = "<group>"; };
		483663901A7536070096AE64 /* Vync.swift */ = {isa = PBXFileReference; fileEncoding = 4; lastKnownFileType = sourcecode.swift; path = Vync.swift; sourceTree = "<group>"; };
		483663981A75A80E0096AE64 /* ContactsViewController.swift */ = {isa = PBXFileReference; fileEncoding = 4; lastKnownFileType = sourcecode.swift; path = ContactsViewController.swift; sourceTree = "<group>"; };
		4846BCC21A810DA200FC489C /* LoginViewController.swift */ = {isa = PBXFileReference; fileEncoding = 4; lastKnownFileType = sourcecode.swift; path = LoginViewController.swift; sourceTree = "<group>"; };
		4875B2F71A6C79760030AABD /* VYNC.app */ = {isa = PBXFileReference; explicitFileType = wrapper.application; includeInIndex = 0; path = VYNC.app; sourceTree = BUILT_PRODUCTS_DIR; };
		4875B2FB1A6C79760030AABD /* Info.plist */ = {isa = PBXFileReference; lastKnownFileType = text.plist.xml; path = Info.plist; sourceTree = "<group>"; };
		4875B2FC1A6C79760030AABD /* AppDelegate.swift */ = {isa = PBXFileReference; lastKnownFileType = sourcecode.swift; path = AppDelegate.swift; sourceTree = "<group>"; };
		4875B3041A6C79760030AABD /* Base */ = {isa = PBXFileReference; lastKnownFileType = file.storyboard; name = Base; path = Base.lproj/Main.storyboard; sourceTree = "<group>"; };
		4875B3061A6C79760030AABD /* Images.xcassets */ = {isa = PBXFileReference; lastKnownFileType = folder.assetcatalog; path = Images.xcassets; sourceTree = "<group>"; };
		4875B3091A6C79760030AABD /* Base */ = {isa = PBXFileReference; lastKnownFileType = file.xib; name = Base; path = Base.lproj/LaunchScreen.xib; sourceTree = "<group>"; };
		4875B30F1A6C79760030AABD /* VYNCTests.xctest */ = {isa = PBXFileReference; explicitFileType = wrapper.cfbundle; includeInIndex = 0; path = VYNCTests.xctest; sourceTree = BUILT_PRODUCTS_DIR; };
		4875B3141A6C79760030AABD /* Info.plist */ = {isa = PBXFileReference; lastKnownFileType = text.plist.xml; path = Info.plist; sourceTree = "<group>"; };
		4875B3151A6C79760030AABD /* VYNCTests.swift */ = {isa = PBXFileReference; lastKnownFileType = sourcecode.swift; path = VYNCTests.swift; sourceTree = "<group>"; };
		4875B31F1A6C79B50030AABD /* VyncListViewController.swift */ = {isa = PBXFileReference; fileEncoding = 4; lastKnownFileType = sourcecode.swift; path = VyncListViewController.swift; sourceTree = "<group>"; };
		48883BA81A71CFD70024F2DA /* HexColor.swift */ = {isa = PBXFileReference; fileEncoding = 4; lastKnownFileType = sourcecode.swift; path = HexColor.swift; sourceTree = "<group>"; };
		48883BAD1A7224A50024F2DA /* IMG_0370.MOV */ = {isa = PBXFileReference; lastKnownFileType = video.quicktime; name = IMG_0370.MOV; path = ../../../../../../../Downloads/IMG_0370.MOV; sourceTree = "<group>"; };
		48883BAF1A72967F0024F2DA /* camera-rotate.png */ = {isa = PBXFileReference; lastKnownFileType = image.png; path = "camera-rotate.png"; sourceTree = "<group>"; };
		48883BB71A73D96D0024F2DA /* LoadFromNibExtension.swift */ = {isa = PBXFileReference; fileEncoding = 4; lastKnownFileType = sourcecode.swift; path = LoadFromNibExtension.swift; sourceTree = "<group>"; };
		489105F91A9B726F00DDA009 /* LoginPageViewController.swift */ = {isa = PBXFileReference; fileEncoding = 4; lastKnownFileType = sourcecode.swift; path = LoginPageViewController.swift; sourceTree = "<group>"; };
		489105FB1A9B90A500DDA009 /* p1.png */ = {isa = PBXFileReference; lastKnownFileType = image.png; path = p1.png; sourceTree = "<group>"; };
		489105FC1A9B90A500DDA009 /* p2.png */ = {isa = PBXFileReference; lastKnownFileType = image.png; path = p2.png; sourceTree = "<group>"; };
		489105FD1A9B90A500DDA009 /* p3.png */ = {isa = PBXFileReference; lastKnownFileType = image.png; path = p3.png; sourceTree = "<group>"; };
		489105FE1A9B90A500DDA009 /* p4.png */ = {isa = PBXFileReference; lastKnownFileType = image.png; path = p4.png; sourceTree = "<group>"; };
		4899A1C01A705A6D005D3BE0 /* envelope.png */ = {isa = PBXFileReference; lastKnownFileType = image.png; path = envelope.png; sourceTree = "<group>"; };
		4899A1C11A705A6D005D3BE0 /* vynclogo.png */ = {isa = PBXFileReference; lastKnownFileType = image.png; path = vynclogo.png; sourceTree = "<group>"; };
		489A9A051A8CFBA000902CC9 /* MyStatsViewController.swift */ = {isa = PBXFileReference; fileEncoding = 4; lastKnownFileType = sourcecode.swift; path = MyStatsViewController.swift; sourceTree = "<group>"; };
		489A9A071A8D2B6B00902CC9 /* VYNC.mov */ = {isa = PBXFileReference; lastKnownFileType = video.quicktime; path = VYNC.mov; sourceTree = "<group>"; };
		489BA1C21A8E2DB3006DE44F /* flaticon.ttf */ = {isa = PBXFileReference; lastKnownFileType = file; path = flaticon.ttf; sourceTree = "<group>"; };
		48A361031A7FBD380023D6DC /* AF+Date+Extension.swift */ = {isa = PBXFileReference; fileEncoding = 4; lastKnownFileType = sourcecode.swift; path = "AF+Date+Extension.swift"; sourceTree = "<group>"; };
		48A4DE771A7A5FC8000087A2 /* AR.swift */ = {isa = PBXFileReference; fileEncoding = 4; lastKnownFileType = sourcecode.swift; path = AR.swift; sourceTree = "<group>"; };
		48A4DE791A7A600C000087A2 /* User.swift */ = {isa = PBXFileReference; fileEncoding = 4; lastKnownFileType = sourcecode.swift; path = User.swift; sourceTree = "<group>"; };
		48BAECD81A782897005CC762 /* VyncCameraViewController.swift */ = {isa = PBXFileReference; fileEncoding = 4; lastKnownFileType = sourcecode.swift; path = VyncCameraViewController.swift; sourceTree = "<group>"; };
		48BAECDC1A7829F8005CC762 /* VyncCameraPlaybackLayer.xib */ = {isa = PBXFileReference; fileEncoding = 4; lastKnownFileType = file.xib; path = VyncCameraPlaybackLayer.xib; sourceTree = "<group>"; };
		48CBB63B1A76A76C004A6E6D /* TitleViewController.swift */ = {isa = PBXFileReference; fileEncoding = 4; lastKnownFileType = sourcecode.swift; path = TitleViewController.swift; sourceTree = "<group>"; };
		48CE912C1A9F7312004B6271 /* Crashlytics.framework */ = {isa = PBXFileReference; lastKnownFileType = wrapper.framework; path = Crashlytics.framework; sourceTree = "<group>"; };
		48CE912D1A9F7312004B6271 /* Fabric.framework */ = {isa = PBXFileReference; lastKnownFileType = wrapper.framework; path = Fabric.framework; sourceTree = "<group>"; };
		48CEDE1F1A7BC3AD0015997D /* GlobalVars.swift */ = {isa = PBXFileReference; fileEncoding = 4; lastKnownFileType = sourcecode.swift; path = GlobalVars.swift; sourceTree = "<group>"; };
		48CEDE211A7BC4E00015997D /* VideoMessage.swift */ = {isa = PBXFileReference; fileEncoding = 4; lastKnownFileType = sourcecode.swift; path = VideoMessage.swift; sourceTree = "<group>"; };
		48E9F7851A7960EB0034CF5E /* HTTPRequestSerializer.swift */ = {isa = PBXFileReference; fileEncoding = 4; lastKnownFileType = sourcecode.swift; path = HTTPRequestSerializer.swift; sourceTree = "<group>"; };
		48E9F7871A7960F80034CF5E /* HTTPResponseSerializer.swift */ = {isa = PBXFileReference; fileEncoding = 4; lastKnownFileType = sourcecode.swift; path = HTTPResponseSerializer.swift; sourceTree = "<group>"; };
		48E9F7891A7961050034CF5E /* HTTPTask.swift */ = {isa = PBXFileReference; fileEncoding = 4; lastKnownFileType = sourcecode.swift; path = HTTPTask.swift; sourceTree = "<group>"; };
		48E9F78B1A79610D0034CF5E /* HTTPUpload.swift */ = {isa = PBXFileReference; fileEncoding = 4; lastKnownFileType = sourcecode.swift; path = HTTPUpload.swift; sourceTree = "<group>"; };
		48E9F78D1A79618C0034CF5E /* JSONJoy.swift */ = {isa = PBXFileReference; fileEncoding = 4; lastKnownFileType = sourcecode.swift; path = JSONJoy.swift; sourceTree = "<group>"; };
		48E9F78F1A7961F90034CF5E /* Sycner.swift */ = {isa = PBXFileReference; fileEncoding = 4; lastKnownFileType = sourcecode.swift; path = Sycner.swift; sourceTree = "<group>"; };
		48F119391A784CCD00A02828 /* QueueLoopVideoPlayer.swift */ = {isa = PBXFileReference; fileEncoding = 4; lastKnownFileType = sourcecode.swift; path = QueueLoopVideoPlayer.swift; sourceTree = "<group>"; };
		48F1193B1A78605D00A02828 /* PlaybackOverlay.swift */ = {isa = PBXFileReference; fileEncoding = 4; lastKnownFileType = sourcecode.swift; path = PlaybackOverlay.swift; sourceTree = "<group>"; };
		976D457D1A81298500E6606F /* Bridge-Header.h */ = {isa = PBXFileReference; lastKnownFileType = sourcecode.c.h; path = "Bridge-Header.h"; sourceTree = "<group>"; };
		976D457E1A8129A200E6606F /* FacebookSDK.framework */ = {isa = PBXFileReference; lastKnownFileType = wrapper.framework; path = FacebookSDK.framework; sourceTree = "<group>"; };
/* End PBXFileReference section */

/* Begin PBXFrameworksBuildPhase section */
		4875B2F41A6C79760030AABD /* Frameworks */ = {
			isa = PBXFrameworksBuildPhase;
			buildActionMask = 2147483647;
			files = (
				48CE912E1A9F7312004B6271 /* Crashlytics.framework in Frameworks */,
				976D457F1A8129A200E6606F /* FacebookSDK.framework in Frameworks */,
				48CE912F1A9F7312004B6271 /* Fabric.framework in Frameworks */,
			);
			runOnlyForDeploymentPostprocessing = 0;
		};
		4875B30C1A6C79760030AABD /* Frameworks */ = {
			isa = PBXFrameworksBuildPhase;
			buildActionMask = 2147483647;
			files = (
			);
			runOnlyForDeploymentPostprocessing = 0;
		};
/* End PBXFrameworksBuildPhase section */

/* Begin PBXGroup section */
		4836638D1A7535B50096AE64 /* Models */ = {
			isa = PBXGroup;
			children = (
				483663901A7536070096AE64 /* Vync.swift */,
				48E9F78F1A7961F90034CF5E /* Sycner.swift */,
				48A4DE791A7A600C000087A2 /* User.swift */,
				48A4DE771A7A5FC8000087A2 /* AR.swift */,
				48CEDE1F1A7BC3AD0015997D /* GlobalVars.swift */,
				48CEDE211A7BC4E00015997D /* VideoMessage.swift */,
			);
			name = Models;
			sourceTree = "<group>";
		};
		4836638E1A7535C40096AE64 /* ViewControllers */ = {
			isa = PBXGroup;
			children = (
				4875B31F1A6C79B50030AABD /* VyncListViewController.swift */,
				481AF25A1A706B5F0018B887 /* VyncCell.swift */,
				483663981A75A80E0096AE64 /* ContactsViewController.swift */,
				48CBB63B1A76A76C004A6E6D /* TitleViewController.swift */,
				48BAECD81A782897005CC762 /* VyncCameraViewController.swift */,
				4846BCC21A810DA200FC489C /* LoginViewController.swift */,
				489105F91A9B726F00DDA009 /* LoginPageViewController.swift */,
				489A9A051A8CFBA000902CC9 /* MyStatsViewController.swift */,
			);
			name = ViewControllers;
			sourceTree = "<group>";
		};
		4836638F1A7535E40096AE64 /* Views_And_Layers */ = {
			isa = PBXGroup;
			children = (
				48F1193B1A78605D00A02828 /* PlaybackOverlay.swift */,
				4875B3031A6C79760030AABD /* Main.storyboard */,
				48BAECDC1A7829F8005CC762 /* VyncCameraPlaybackLayer.xib */,
				48F119391A784CCD00A02828 /* QueueLoopVideoPlayer.swift */,
			);
			name = Views_And_Layers;
			sourceTree = "<group>";
		};
		4875B2EE1A6C79760030AABD = {
			isa = PBXGroup;
			children = (
				4808922D1A79A1240050F230 /* VYNC.xcdatamodeld */,
				48CE912C1A9F7312004B6271 /* Crashlytics.framework */,
				48CE912D1A9F7312004B6271 /* Fabric.framework */,
				4875B2F91A6C79760030AABD /* VYNC */,
				4875B3121A6C79760030AABD /* VYNCTests */,
				4875B2F81A6C79760030AABD /* Products */,
				976D457E1A8129A200E6606F /* FacebookSDK.framework */,
			);
			sourceTree = "<group>";
		};
		4875B2F81A6C79760030AABD /* Products */ = {
			isa = PBXGroup;
			children = (
				4875B2F71A6C79760030AABD /* VYNC.app */,
				4875B30F1A6C79760030AABD /* VYNCTests.xctest */,
			);
			name = Products;
			sourceTree = "<group>";
		};
		4875B2F91A6C79760030AABD /* VYNC */ = {
			isa = PBXGroup;
			children = (
				4875B2FC1A6C79760030AABD /* AppDelegate.swift */,
				976D457D1A81298500E6606F /* Bridge-Header.h */,
				4836638F1A7535E40096AE64 /* Views_And_Layers */,
				4836638E1A7535C40096AE64 /* ViewControllers */,
				4836638D1A7535B50096AE64 /* Models */,
				48883BA71A71CFBC0024F2DA /* Libraries */,
				4899A1B91A705A36005D3BE0 /* Resources */,
				4875B3061A6C79760030AABD /* Images.xcassets */,
				4875B3081A6C79760030AABD /* LaunchScreen.xib */,
				4875B2FA1A6C79760030AABD /* Supporting Files */,
			);
			path = VYNC;
			sourceTree = "<group>";
		};
		4875B2FA1A6C79760030AABD /* Supporting Files */ = {
			isa = PBXGroup;
			children = (
				4875B2FB1A6C79760030AABD /* Info.plist */,
			);
			name = "Supporting Files";
			sourceTree = "<group>";
		};
		4875B3121A6C79760030AABD /* VYNCTests */ = {
			isa = PBXGroup;
			children = (
				4875B3151A6C79760030AABD /* VYNCTests.swift */,
				4875B3131A6C79760030AABD /* Supporting Files */,
			);
			path = VYNCTests;
			sourceTree = "<group>";
		};
		4875B3131A6C79760030AABD /* Supporting Files */ = {
			isa = PBXGroup;
			children = (
				4875B3141A6C79760030AABD /* Info.plist */,
			);
			name = "Supporting Files";
			sourceTree = "<group>";
		};
		48883BA71A71CFBC0024F2DA /* Libraries */ = {
			isa = PBXGroup;
			children = (
				48883BA81A71CFD70024F2DA /* HexColor.swift */,
				48883BB71A73D96D0024F2DA /* LoadFromNibExtension.swift */,
				48E9F7851A7960EB0034CF5E /* HTTPRequestSerializer.swift */,
				48E9F7871A7960F80034CF5E /* HTTPResponseSerializer.swift */,
				48E9F7891A7961050034CF5E /* HTTPTask.swift */,
				48E9F78B1A79610D0034CF5E /* HTTPUpload.swift */,
				48E9F78D1A79618C0034CF5E /* JSONJoy.swift */,
				48A361031A7FBD380023D6DC /* AF+Date+Extension.swift */,
			);
			name = Libraries;
			sourceTree = "<group>";
		};
		4899A1B91A705A36005D3BE0 /* Resources */ = {
			isa = PBXGroup;
			children = (
				4899A1BE1A705A6D005D3BE0 /* Fonts */,
				4899A1BF1A705A6D005D3BE0 /* Images */,
			);
			path = Resources;
			sourceTree = "<group>";
		};
		4899A1BE1A705A6D005D3BE0 /* Fonts */ = {
			isa = PBXGroup;
			children = (
				489BA1C21A8E2DB3006DE44F /* flaticon.ttf */,
				481AF2581A705B630018B887 /* Egypt22.ttf */,
			);
			path = Fonts;
			sourceTree = "<group>";
		};
		4899A1BF1A705A6D005D3BE0 /* Images */ = {
			isa = PBXGroup;
			children = (
				489105FB1A9B90A500DDA009 /* p1.png */,
				489105FC1A9B90A500DDA009 /* p2.png */,
				489105FD1A9B90A500DDA009 /* p3.png */,
				489105FE1A9B90A500DDA009 /* p4.png */,
				489A9A071A8D2B6B00902CC9 /* VYNC.mov */,
				48883BAF1A72967F0024F2DA /* camera-rotate.png */,
				48883BAD1A7224A50024F2DA /* IMG_0370.MOV */,
				4899A1C01A705A6D005D3BE0 /* envelope.png */,
				4899A1C11A705A6D005D3BE0 /* vynclogo.png */,
			);
			path = Images;
			sourceTree = "<group>";
		};
/* End PBXGroup section */

/* Begin PBXNativeTarget section */
		4875B2F61A6C79760030AABD /* VYNC */ = {
			isa = PBXNativeTarget;
			buildConfigurationList = 4875B3191A6C79760030AABD /* Build configuration list for PBXNativeTarget "VYNC" */;
			buildPhases = (
				4875B2F31A6C79760030AABD /* Sources */,
				4875B2F41A6C79760030AABD /* Frameworks */,
				4875B2F51A6C79760030AABD /* Resources */,
				48CE912B1A9F72C6004B6271 /* ShellScript */,
			);
			buildRules = (
			);
			dependencies = (
			);
			name = VYNC;
			productName = VYNC;
			productReference = 4875B2F71A6C79760030AABD /* VYNC.app */;
			productType = "com.apple.product-type.application";
		};
		4875B30E1A6C79760030AABD /* VYNCTests */ = {
			isa = PBXNativeTarget;
			buildConfigurationList = 4875B31C1A6C79760030AABD /* Build configuration list for PBXNativeTarget "VYNCTests" */;
			buildPhases = (
				4875B30B1A6C79760030AABD /* Sources */,
				4875B30C1A6C79760030AABD /* Frameworks */,
				4875B30D1A6C79760030AABD /* Resources */,
			);
			buildRules = (
			);
			dependencies = (
				4875B3111A6C79760030AABD /* PBXTargetDependency */,
			);
			name = VYNCTests;
			productName = VYNCTests;
			productReference = 4875B30F1A6C79760030AABD /* VYNCTests.xctest */;
			productType = "com.apple.product-type.bundle.unit-test";
		};
/* End PBXNativeTarget section */

/* Begin PBXProject section */
		4875B2EF1A6C79760030AABD /* Project object */ = {
			isa = PBXProject;
			attributes = {
				LastUpgradeCheck = 0610;
				ORGANIZATIONNAME = "Thomas Abend";
				TargetAttributes = {
					4875B2F61A6C79760030AABD = {
						CreatedOnToolsVersion = 6.1.1;
						DevelopmentTeam = 7VU28Z8W3T;
					};
					4875B30E1A6C79760030AABD = {
						CreatedOnToolsVersion = 6.1.1;
						TestTargetID = 4875B2F61A6C79760030AABD;
					};
				};
			};
			buildConfigurationList = 4875B2F21A6C79760030AABD /* Build configuration list for PBXProject "VYNC" */;
			compatibilityVersion = "Xcode 3.2";
			developmentRegion = English;
			hasScannedForEncodings = 0;
			knownRegions = (
				en,
				Base,
			);
			mainGroup = 4875B2EE1A6C79760030AABD;
			productRefGroup = 4875B2F81A6C79760030AABD /* Products */;
			projectDirPath = "";
			projectRoot = "";
			targets = (
				4875B2F61A6C79760030AABD /* VYNC */,
				4875B30E1A6C79760030AABD /* VYNCTests */,
			);
		};
/* End PBXProject section */

/* Begin PBXResourcesBuildPhase section */
		4875B2F51A6C79760030AABD /* Resources */ = {
			isa = PBXResourcesBuildPhase;
			buildActionMask = 2147483647;
			files = (
				489106001A9B90A500DDA009 /* p2.png in Resources */,
				48883BAE1A7224A50024F2DA /* IMG_0370.MOV in Resources */,
				489BA1C31A8E2DB3006DE44F /* flaticon.ttf in Resources */,
				48883BB01A72967F0024F2DA /* camera-rotate.png in Resources */,
				489A9A081A8D2B6B00902CC9 /* VYNC.mov in Resources */,
				4899A1C31A705A6D005D3BE0 /* vynclogo.png in Resources */,
				489106011A9B90A500DDA009 /* p3.png in Resources */,
				48BAECDD1A7829F8005CC762 /* VyncCameraPlaybackLayer.xib in Resources */,
				481AF2591A705B630018B887 /* Egypt22.ttf in Resources */,
				4875B3051A6C79760030AABD /* Main.storyboard in Resources */,
				489106021A9B90A500DDA009 /* p4.png in Resources */,
				4875B30A1A6C79760030AABD /* LaunchScreen.xib in Resources */,
				4875B3071A6C79760030AABD /* Images.xcassets in Resources */,
				489105FF1A9B90A500DDA009 /* p1.png in Resources */,
				4899A1C21A705A6D005D3BE0 /* envelope.png in Resources */,
			);
			runOnlyForDeploymentPostprocessing = 0;
		};
		4875B30D1A6C79760030AABD /* Resources */ = {
			isa = PBXResourcesBuildPhase;
			buildActionMask = 2147483647;
			files = (
			);
			runOnlyForDeploymentPostprocessing = 0;
		};
/* End PBXResourcesBuildPhase section */

/* Begin PBXShellScriptBuildPhase section */
		48CE912B1A9F72C6004B6271 /* ShellScript */ = {
			isa = PBXShellScriptBuildPhase;
			buildActionMask = 2147483647;
			files = (
			);
			inputPaths = (
			);
			outputPaths = (
			);
			runOnlyForDeploymentPostprocessing = 0;
			shellPath = /bin/sh;
			shellScript = "./Fabric.framework/run 95cb876a0cdb6a1d5592f0c9d14c9bb26bafc61b 2415b6231cf534e45b8a6c382d0bc57690552469cb3c303774c95f5132e1e387";
		};
/* End PBXShellScriptBuildPhase section */

/* Begin PBXSourcesBuildPhase section */
		4875B2F31A6C79760030AABD /* Sources */ = {
			isa = PBXSourcesBuildPhase;
			buildActionMask = 2147483647;
			files = (
				48E9F78C1A79610D0034CF5E /* HTTPUpload.swift in Sources */,
				48F1193A1A784CCD00A02828 /* QueueLoopVideoPlayer.swift in Sources */,
				48F1193C1A78605D00A02828 /* PlaybackOverlay.swift in Sources */,
				4808922F1A79A1240050F230 /* VYNC.xcdatamodeld in Sources */,
				48CEDE201A7BC3AD0015997D /* GlobalVars.swift in Sources */,
				4875B3201A6C79B50030AABD /* VyncListViewController.swift in Sources */,
				483663991A75A80E0096AE64 /* ContactsViewController.swift in Sources */,
				481AF25B1A706B5F0018B887 /* VyncCell.swift in Sources */,
				48CBB63C1A76A76C004A6E6D /* TitleViewController.swift in Sources */,
				48A4DE7A1A7A600C000087A2 /* User.swift in Sources */,
				48E9F78A1A7961050034CF5E /* HTTPTask.swift in Sources */,
				48E9F7881A7960F80034CF5E /* HTTPResponseSerializer.swift in Sources */,
				4846BCC31A810DA200FC489C /* LoginViewController.swift in Sources */,
				48BAECD91A782897005CC762 /* VyncCameraViewController.swift in Sources */,
				48883BA91A71CFD70024F2DA /* HexColor.swift in Sources */,
				489A9A061A8CFBA000902CC9 /* MyStatsViewController.swift in Sources */,
				4875B2FD1A6C79760030AABD /* AppDelegate.swift in Sources */,
				489105FA1A9B726F00DDA009 /* LoginPageViewController.swift in Sources */,
				48E9F7901A7961F90034CF5E /* Sycner.swift in Sources */,
				48883BB81A73D96D0024F2DA /* LoadFromNibExtension.swift in Sources */,
				48A361041A7FBD380023D6DC /* AF+Date+Extension.swift in Sources */,
				48E9F7861A7960EB0034CF5E /* HTTPRequestSerializer.swift in Sources */,
				48E9F78E1A79618C0034CF5E /* JSONJoy.swift in Sources */,
				48A4DE781A7A5FC8000087A2 /* AR.swift in Sources */,
				483663911A7536070096AE64 /* Vync.swift in Sources */,
				48CEDE221A7BC4E00015997D /* VideoMessage.swift in Sources */,
			);
			runOnlyForDeploymentPostprocessing = 0;
		};
		4875B30B1A6C79760030AABD /* Sources */ = {
			isa = PBXSourcesBuildPhase;
			buildActionMask = 2147483647;
			files = (
				4875B3161A6C79760030AABD /* VYNCTests.swift in Sources */,
			);
			runOnlyForDeploymentPostprocessing = 0;
		};
/* End PBXSourcesBuildPhase section */

/* Begin PBXTargetDependency section */
		4875B3111A6C79760030AABD /* PBXTargetDependency */ = {
			isa = PBXTargetDependency;
			target = 4875B2F61A6C79760030AABD /* VYNC */;
			targetProxy = 4875B3101A6C79760030AABD /* PBXContainerItemProxy */;
		};
/* End PBXTargetDependency section */

/* Begin PBXVariantGroup section */
		4875B3031A6C79760030AABD /* Main.storyboard */ = {
			isa = PBXVariantGroup;
			children = (
				4875B3041A6C79760030AABD /* Base */,
			);
			name = Main.storyboard;
			sourceTree = "<group>";
		};
		4875B3081A6C79760030AABD /* LaunchScreen.xib */ = {
			isa = PBXVariantGroup;
			children = (
				4875B3091A6C79760030AABD /* Base */,
			);
			name = LaunchScreen.xib;
			sourceTree = "<group>";
		};
/* End PBXVariantGroup section */

/* Begin XCBuildConfiguration section */
		4875B3171A6C79760030AABD /* Debug */ = {
			isa = XCBuildConfiguration;
			buildSettings = {
				ALWAYS_SEARCH_USER_PATHS = NO;
				CLANG_CXX_LANGUAGE_STANDARD = "gnu++0x";
				CLANG_CXX_LIBRARY = "libc++";
				CLANG_ENABLE_MODULES = YES;
				CLANG_ENABLE_OBJC_ARC = YES;
				CLANG_WARN_BOOL_CONVERSION = YES;
				CLANG_WARN_CONSTANT_CONVERSION = YES;
				CLANG_WARN_DIRECT_OBJC_ISA_USAGE = YES_ERROR;
				CLANG_WARN_EMPTY_BODY = YES;
				CLANG_WARN_ENUM_CONVERSION = YES;
				CLANG_WARN_INT_CONVERSION = YES;
				CLANG_WARN_OBJC_ROOT_CLASS = YES_ERROR;
				CLANG_WARN_UNREACHABLE_CODE = YES;
				CLANG_WARN__DUPLICATE_METHOD_MATCH = YES;
				"CODE_SIGN_IDENTITY[sdk=iphoneos*]" = "iPhone Developer";
				COPY_PHASE_STRIP = NO;
				ENABLE_STRICT_OBJC_MSGSEND = YES;
				GCC_C_LANGUAGE_STANDARD = gnu99;
				GCC_DYNAMIC_NO_PIC = NO;
				GCC_OPTIMIZATION_LEVEL = 0;
				GCC_PREPROCESSOR_DEFINITIONS = (
					"DEBUG=1",
					"$(inherited)",
				);
				GCC_SYMBOLS_PRIVATE_EXTERN = NO;
				GCC_WARN_64_TO_32_BIT_CONVERSION = YES;
				GCC_WARN_ABOUT_RETURN_TYPE = YES_ERROR;
				GCC_WARN_UNDECLARED_SELECTOR = YES;
				GCC_WARN_UNINITIALIZED_AUTOS = YES_AGGRESSIVE;
				GCC_WARN_UNUSED_FUNCTION = YES;
				GCC_WARN_UNUSED_VARIABLE = YES;
				IPHONEOS_DEPLOYMENT_TARGET = 8.1;
				MTL_ENABLE_DEBUG_INFO = YES;
				ONLY_ACTIVE_ARCH = YES;
				SDKROOT = iphoneos;
				SWIFT_OPTIMIZATION_LEVEL = "-Onone";
				TARGETED_DEVICE_FAMILY = "1,2";
			};
			name = Debug;
		};
		4875B3181A6C79760030AABD /* Release */ = {
			isa = XCBuildConfiguration;
			buildSettings = {
				ALWAYS_SEARCH_USER_PATHS = NO;
				CLANG_CXX_LANGUAGE_STANDARD = "gnu++0x";
				CLANG_CXX_LIBRARY = "libc++";
				CLANG_ENABLE_MODULES = YES;
				CLANG_ENABLE_OBJC_ARC = YES;
				CLANG_WARN_BOOL_CONVERSION = YES;
				CLANG_WARN_CONSTANT_CONVERSION = YES;
				CLANG_WARN_DIRECT_OBJC_ISA_USAGE = YES_ERROR;
				CLANG_WARN_EMPTY_BODY = YES;
				CLANG_WARN_ENUM_CONVERSION = YES;
				CLANG_WARN_INT_CONVERSION = YES;
				CLANG_WARN_OBJC_ROOT_CLASS = YES_ERROR;
				CLANG_WARN_UNREACHABLE_CODE = YES;
				CLANG_WARN__DUPLICATE_METHOD_MATCH = YES;
				"CODE_SIGN_IDENTITY[sdk=iphoneos*]" = "iPhone Developer";
				COPY_PHASE_STRIP = YES;
				ENABLE_NS_ASSERTIONS = NO;
				ENABLE_STRICT_OBJC_MSGSEND = YES;
				GCC_C_LANGUAGE_STANDARD = gnu99;
				GCC_WARN_64_TO_32_BIT_CONVERSION = YES;
				GCC_WARN_ABOUT_RETURN_TYPE = YES_ERROR;
				GCC_WARN_UNDECLARED_SELECTOR = YES;
				GCC_WARN_UNINITIALIZED_AUTOS = YES_AGGRESSIVE;
				GCC_WARN_UNUSED_FUNCTION = YES;
				GCC_WARN_UNUSED_VARIABLE = YES;
				IPHONEOS_DEPLOYMENT_TARGET = 8.1;
				MTL_ENABLE_DEBUG_INFO = NO;
				SDKROOT = iphoneos;
				TARGETED_DEVICE_FAMILY = "1,2";
				VALIDATE_PRODUCT = YES;
			};
			name = Release;
		};
		4875B31A1A6C79760030AABD /* Debug */ = {
			isa = XCBuildConfiguration;
			buildSettings = {
				ASSETCATALOG_COMPILER_APPICON_NAME = AppIcon;
				CODE_SIGN_IDENTITY = "iPhone Developer";
				"CODE_SIGN_IDENTITY[sdk=iphoneos*]" = "iPhone Developer";
				DEBUG_INFORMATION_FORMAT = dwarf;
				FRAMEWORK_SEARCH_PATHS = (
					"$(inherited)",
					"$(PROJECT_DIR)",
				);
				INFOPLIST_FILE = VYNC/Info.plist;
				LD_RUNPATH_SEARCH_PATHS = "$(inherited) @executable_path/Frameworks";
				PRODUCT_NAME = "$(TARGET_NAME)";
				PROVISIONING_PROFILE = "";
				SWIFT_OBJC_BRIDGING_HEADER = "VYNC/Bridge-Header.h";
			};
			name = Debug;
		};
		4875B31B1A6C79760030AABD /* Release */ = {
			isa = XCBuildConfiguration;
			buildSettings = {
				ASSETCATALOG_COMPILER_APPICON_NAME = AppIcon;
				CODE_SIGN_IDENTITY = "iPhone Developer";
				"CODE_SIGN_IDENTITY[sdk=iphoneos*]" = "iPhone Developer";
				DEBUG_INFORMATION_FORMAT = dwarf;
				FRAMEWORK_SEARCH_PATHS = (
					"$(inherited)",
					"$(PROJECT_DIR)",
				);
				INFOPLIST_FILE = VYNC/Info.plist;
				LD_RUNPATH_SEARCH_PATHS = "$(inherited) @executable_path/Frameworks";
				PRODUCT_NAME = "$(TARGET_NAME)";
				PROVISIONING_PROFILE = "";
				SWIFT_OBJC_BRIDGING_HEADER = "VYNC/Bridge-Header.h";
			};
			name = Release;
		};
		4875B31D1A6C79760030AABD /* Debug */ = {
			isa = XCBuildConfiguration;
			buildSettings = {
				BUNDLE_LOADER = "$(TEST_HOST)";
				FRAMEWORK_SEARCH_PATHS = (
					"$(SDKROOT)/Developer/Library/Frameworks",
					"$(inherited)",
				);
				GCC_PREPROCESSOR_DEFINITIONS = (
					"DEBUG=1",
					"$(inherited)",
				);
				INFOPLIST_FILE = VYNCTests/Info.plist;
				LD_RUNPATH_SEARCH_PATHS = "$(inherited) @executable_path/Frameworks @loader_path/Frameworks";
				PRODUCT_NAME = "$(TARGET_NAME)";
				TEST_HOST = "$(BUILT_PRODUCTS_DIR)/VYNC.app/VYNC";
			};
			name = Debug;
		};
		4875B31E1A6C79760030AABD /* Release */ = {
			isa = XCBuildConfiguration;
			buildSettings = {
				BUNDLE_LOADER = "$(TEST_HOST)";
				FRAMEWORK_SEARCH_PATHS = (
					"$(SDKROOT)/Developer/Library/Frameworks",
					"$(inherited)",
				);
				INFOPLIST_FILE = VYNCTests/Info.plist;
				LD_RUNPATH_SEARCH_PATHS = "$(inherited) @executable_path/Frameworks @loader_path/Frameworks";
				PRODUCT_NAME = "$(TARGET_NAME)";
				TEST_HOST = "$(BUILT_PRODUCTS_DIR)/VYNC.app/VYNC";
			};
			name = Release;
		};
/* End XCBuildConfiguration section */

/* Begin XCConfigurationList section */
		4875B2F21A6C79760030AABD /* Build configuration list for PBXProject "VYNC" */ = {
			isa = XCConfigurationList;
			buildConfigurations = (
				4875B3171A6C79760030AABD /* Debug */,
				4875B3181A6C79760030AABD /* Release */,
			);
			defaultConfigurationIsVisible = 0;
			defaultConfigurationName = Release;
		};
		4875B3191A6C79760030AABD /* Build configuration list for PBXNativeTarget "VYNC" */ = {
			isa = XCConfigurationList;
			buildConfigurations = (
				4875B31A1A6C79760030AABD /* Debug */,
				4875B31B1A6C79760030AABD /* Release */,
			);
			defaultConfigurationIsVisible = 0;
			defaultConfigurationName = Release;
		};
		4875B31C1A6C79760030AABD /* Build configuration list for PBXNativeTarget "VYNCTests" */ = {
			isa = XCConfigurationList;
			buildConfigurations = (
				4875B31D1A6C79760030AABD /* Debug */,
				4875B31E1A6C79760030AABD /* Release */,
			);
			defaultConfigurationIsVisible = 0;
			defaultConfigurationName = Release;
		};
/* End XCConfigurationList section */

/* Begin XCVersionGroup section */
		4808922D1A79A1240050F230 /* VYNC.xcdatamodeld */ = {
			isa = XCVersionGroup;
			children = (
				4808922E1A79A1240050F230 /* VYNC.xcdatamodel */,
			);
			currentVersion = 4808922E1A79A1240050F230 /* VYNC.xcdatamodel */;
			path = VYNC.xcdatamodeld;
			sourceTree = "<group>";
			versionGroupType = wrapper.xcdatamodel;
		};
/* End XCVersionGroup section */
	};
	rootObject = 4875B2EF1A6C79760030AABD /* Project object */;
}
