// !$*UTF8*$!
{
	archiveVersion = 1;
	classes = {
	};
	objectVersion = 46;
	objects = {

/* Begin PBXBuildFile section */
		0962E45E1A119EC400661226 /* UserLoginController.swift in Sources */ = {isa = PBXBuildFile; fileRef = 0962E45D1A119EC400661226 /* UserLoginController.swift */; };
		097ECD291A1059AE00D1D2D1 /* AppDelegate.swift in Sources */ = {isa = PBXBuildFile; fileRef = 097ECD281A1059AE00D1D2D1 /* AppDelegate.swift */; };
		097ECD2C1A1059AE00D1D2D1 /* Chainer.xcdatamodeld in Sources */ = {isa = PBXBuildFile; fileRef = 097ECD2A1A1059AE00D1D2D1 /* Chainer.xcdatamodeld */; };
		097ECD2E1A1059AE00D1D2D1 /* MainViewController.swift in Sources */ = {isa = PBXBuildFile; fileRef = 097ECD2D1A1059AE00D1D2D1 /* MainViewController.swift */; };
		097ECD311A1059AE00D1D2D1 /* Main.storyboard in Resources */ = {isa = PBXBuildFile; fileRef = 097ECD2F1A1059AE00D1D2D1 /* Main.storyboard */; };
		097ECD331A1059AE00D1D2D1 /* Images.xcassets in Resources */ = {isa = PBXBuildFile; fileRef = 097ECD321A1059AE00D1D2D1 /* Images.xcassets */; };
		097ECD361A1059AE00D1D2D1 /* LaunchScreen.xib in Resources */ = {isa = PBXBuildFile; fileRef = 097ECD341A1059AE00D1D2D1 /* LaunchScreen.xib */; };
		097ECD421A1059AE00D1D2D1 /* ChainerTests.swift in Sources */ = {isa = PBXBuildFile; fileRef = 097ECD411A1059AE00D1D2D1 /* ChainerTests.swift */; };
		097ECD4E1A105A1A00D1D2D1 /* OnStartUp.swift in Sources */ = {isa = PBXBuildFile; fileRef = 097ECD4B1A105A1A00D1D2D1 /* OnStartUp.swift */; };
		097ECD4F1A105A1A00D1D2D1 /* Users.swift in Sources */ = {isa = PBXBuildFile; fileRef = 097ECD4C1A105A1A00D1D2D1 /* Users.swift */; };
		097ECD501A105A1A00D1D2D1 /* Videos.swift in Sources */ = {isa = PBXBuildFile; fileRef = 097ECD4D1A105A1A00D1D2D1 /* Videos.swift */; };
		097ECD571A105AD700D1D2D1 /* HTTPRequestSerializer.swift in Sources */ = {isa = PBXBuildFile; fileRef = 097ECD521A105AD700D1D2D1 /* HTTPRequestSerializer.swift */; };
		097ECD581A105AD700D1D2D1 /* HTTPResponseSerializer.swift in Sources */ = {isa = PBXBuildFile; fileRef = 097ECD531A105AD700D1D2D1 /* HTTPResponseSerializer.swift */; };
		097ECD591A105AD700D1D2D1 /* HTTPTask.swift in Sources */ = {isa = PBXBuildFile; fileRef = 097ECD541A105AD700D1D2D1 /* HTTPTask.swift */; };
		097ECD5A1A105AD700D1D2D1 /* HTTPUpload.swift in Sources */ = {isa = PBXBuildFile; fileRef = 097ECD551A105AD700D1D2D1 /* HTTPUpload.swift */; };
		097ECD5B1A105AD700D1D2D1 /* JsonJoy.swift in Sources */ = {isa = PBXBuildFile; fileRef = 097ECD561A105AD700D1D2D1 /* JsonJoy.swift */; };
		097ECD631A105AFA00D1D2D1 /* ContactsViewController.swift in Sources */ = {isa = PBXBuildFile; fileRef = 097ECD5E1A105AFA00D1D2D1 /* ContactsViewController.swift */; };
		09854DB21A12FEF50048391D /* User.swift in Sources */ = {isa = PBXBuildFile; fileRef = 09854DB11A12FEF50048391D /* User.swift */; };
		099F7C871A1273F500604D63 /* VideoMessage.swift in Sources */ = {isa = PBXBuildFile; fileRef = 099F7C861A1273F500604D63 /* VideoMessage.swift */; };
		09D00EB31A114F4A006827B4 /* MediaPlayer.framework in Frameworks */ = {isa = PBXBuildFile; fileRef = 09D00EB21A114F4A006827B4 /* MediaPlayer.framework */; };
		09D00EB51A114F5D006827B4 /* CoreMedia.framework in Frameworks */ = {isa = PBXBuildFile; fileRef = 09D00EB41A114F5D006827B4 /* CoreMedia.framework */; };
		C42AE58B1A111ECB0009C213 /* AVKit.framework in Frameworks */ = {isa = PBXBuildFile; fileRef = C42AE58A1A111ECB0009C213 /* AVKit.framework */; };
		C4B296031A12688900757B85 /* VideoPlayer.swift in Sources */ = {isa = PBXBuildFile; fileRef = C4B296021A12688900757B85 /* VideoPlayer.swift */; };
/* End PBXBuildFile section */

/* Begin PBXBuildRule section */
		09B1CFD71A1307C500A5D2D7 /* PBXBuildRule */ = {
			isa = PBXBuildRule;
			compilerSpec = com.apple.compilers.proxy.script;
			fileType = wrapper.xcmappingmodel;
			isEditable = 1;
			outputFiles = (
			);
			script = "# mapc\n";
		};
/* End PBXBuildRule section */

/* Begin PBXContainerItemProxy section */
		097ECD3C1A1059AE00D1D2D1 /* PBXContainerItemProxy */ = {
			isa = PBXContainerItemProxy;
			containerPortal = 097ECD1B1A1059AE00D1D2D1 /* Project object */;
			proxyType = 1;
			remoteGlobalIDString = 097ECD221A1059AE00D1D2D1;
			remoteInfo = Chainer;
		};
/* End PBXContainerItemProxy section */

/* Begin PBXFileReference section */
		0962E45D1A119EC400661226 /* UserLoginController.swift */ = {isa = PBXFileReference; fileEncoding = 4; lastKnownFileType = sourcecode.swift; path = UserLoginController.swift; sourceTree = "<group>"; };
		097ECD231A1059AE00D1D2D1 /* Chainer.app */ = {isa = PBXFileReference; explicitFileType = wrapper.application; includeInIndex = 0; path = Chainer.app; sourceTree = BUILT_PRODUCTS_DIR; };
		097ECD271A1059AE00D1D2D1 /* Info.plist */ = {isa = PBXFileReference; lastKnownFileType = text.plist.xml; path = Info.plist; sourceTree = "<group>"; };
		097ECD281A1059AE00D1D2D1 /* AppDelegate.swift */ = {isa = PBXFileReference; lastKnownFileType = sourcecode.swift; path = AppDelegate.swift; sourceTree = "<group>"; };
		097ECD2B1A1059AE00D1D2D1 /* Chainer.xcdatamodel */ = {isa = PBXFileReference; lastKnownFileType = wrapper.xcdatamodel; path = Chainer.xcdatamodel; sourceTree = "<group>"; };
		097ECD2D1A1059AE00D1D2D1 /* MainViewController.swift */ = {isa = PBXFileReference; lastKnownFileType = sourcecode.swift; path = MainViewController.swift; sourceTree = "<group>"; };
		097ECD301A1059AE00D1D2D1 /* Base */ = {isa = PBXFileReference; lastKnownFileType = file.storyboard; name = Base; path = Base.lproj/Main.storyboard; sourceTree = "<group>"; };
		097ECD321A1059AE00D1D2D1 /* Images.xcassets */ = {isa = PBXFileReference; lastKnownFileType = folder.assetcatalog; path = Images.xcassets; sourceTree = "<group>"; };
		097ECD351A1059AE00D1D2D1 /* Base */ = {isa = PBXFileReference; lastKnownFileType = file.xib; name = Base; path = Base.lproj/LaunchScreen.xib; sourceTree = "<group>"; };
		097ECD3B1A1059AE00D1D2D1 /* ChainerTests.xctest */ = {isa = PBXFileReference; explicitFileType = wrapper.cfbundle; includeInIndex = 0; path = ChainerTests.xctest; sourceTree = BUILT_PRODUCTS_DIR; };
		097ECD401A1059AE00D1D2D1 /* Info.plist */ = {isa = PBXFileReference; lastKnownFileType = text.plist.xml; path = Info.plist; sourceTree = "<group>"; };
		097ECD411A1059AE00D1D2D1 /* ChainerTests.swift */ = {isa = PBXFileReference; lastKnownFileType = sourcecode.swift; path = ChainerTests.swift; sourceTree = "<group>"; };
		097ECD4B1A105A1A00D1D2D1 /* OnStartUp.swift */ = {isa = PBXFileReference; fileEncoding = 4; lastKnownFileType = sourcecode.swift; name = OnStartUp.swift; path = Models/OnStartUp.swift; sourceTree = "<group>"; };
		097ECD4C1A105A1A00D1D2D1 /* Users.swift */ = {isa = PBXFileReference; fileEncoding = 4; lastKnownFileType = sourcecode.swift; name = Users.swift; path = Models/Users.swift; sourceTree = "<group>"; };
		097ECD4D1A105A1A00D1D2D1 /* Videos.swift */ = {isa = PBXFileReference; fileEncoding = 4; lastKnownFileType = sourcecode.swift; name = Videos.swift; path = Models/Videos.swift; sourceTree = "<group>"; };
		097ECD521A105AD700D1D2D1 /* HTTPRequestSerializer.swift */ = {isa = PBXFileReference; fileEncoding = 4; lastKnownFileType = sourcecode.swift; path = HTTPRequestSerializer.swift; sourceTree = "<group>"; };
		097ECD531A105AD700D1D2D1 /* HTTPResponseSerializer.swift */ = {isa = PBXFileReference; fileEncoding = 4; lastKnownFileType = sourcecode.swift; path = HTTPResponseSerializer.swift; sourceTree = "<group>"; };
		097ECD541A105AD700D1D2D1 /* HTTPTask.swift */ = {isa = PBXFileReference; fileEncoding = 4; lastKnownFileType = sourcecode.swift; path = HTTPTask.swift; sourceTree = "<group>"; };
		097ECD551A105AD700D1D2D1 /* HTTPUpload.swift */ = {isa = PBXFileReference; fileEncoding = 4; lastKnownFileType = sourcecode.swift; path = HTTPUpload.swift; sourceTree = "<group>"; };
		097ECD561A105AD700D1D2D1 /* JsonJoy.swift */ = {isa = PBXFileReference; fileEncoding = 4; lastKnownFileType = sourcecode.swift; path = JsonJoy.swift; sourceTree = "<group>"; };
		097ECD5E1A105AFA00D1D2D1 /* ContactsViewController.swift */ = {isa = PBXFileReference; fileEncoding = 4; lastKnownFileType = sourcecode.swift; path = ContactsViewController.swift; sourceTree = "<group>"; };
		09854DB11A12FEF50048391D /* User.swift */ = {isa = PBXFileReference; fileEncoding = 4; lastKnownFileType = sourcecode.swift; path = User.swift; sourceTree = "<group>"; };
		099F7C851A1273A700604D63 /* Chainer-Bridging-Header.h */ = {isa = PBXFileReference; fileEncoding = 4; lastKnownFileType = sourcecode.c.h; path = "Chainer-Bridging-Header.h"; sourceTree = "<group>"; };
		099F7C861A1273F500604D63 /* VideoMessage.swift */ = {isa = PBXFileReference; fileEncoding = 4; lastKnownFileType = sourcecode.swift; path = VideoMessage.swift; sourceTree = "<group>"; };
		09D00EB21A114F4A006827B4 /* MediaPlayer.framework */ = {isa = PBXFileReference; lastKnownFileType = wrapper.framework; name = MediaPlayer.framework; path = System/Library/Frameworks/MediaPlayer.framework; sourceTree = SDKROOT; };
		09D00EB41A114F5D006827B4 /* CoreMedia.framework */ = {isa = PBXFileReference; lastKnownFileType = wrapper.framework; name = CoreMedia.framework; path = System/Library/Frameworks/CoreMedia.framework; sourceTree = SDKROOT; };
		C42AE58A1A111ECB0009C213 /* AVKit.framework */ = {isa = PBXFileReference; lastKnownFileType = wrapper.framework; name = AVKit.framework; path = System/Library/Frameworks/AVKit.framework; sourceTree = SDKROOT; };
		C4B296021A12688900757B85 /* VideoPlayer.swift */ = {isa = PBXFileReference; fileEncoding = 4; lastKnownFileType = sourcecode.swift; path = VideoPlayer.swift; sourceTree = "<group>"; };
/* End PBXFileReference section */

/* Begin PBXFrameworksBuildPhase section */
		097ECD201A1059AE00D1D2D1 /* Frameworks */ = {
			isa = PBXFrameworksBuildPhase;
			buildActionMask = 2147483647;
			files = (
				09D00EB51A114F5D006827B4 /* CoreMedia.framework in Frameworks */,
				09D00EB31A114F4A006827B4 /* MediaPlayer.framework in Frameworks */,
				C42AE58B1A111ECB0009C213 /* AVKit.framework in Frameworks */,
			);
			runOnlyForDeploymentPostprocessing = 0;
		};
		097ECD381A1059AE00D1D2D1 /* Frameworks */ = {
			isa = PBXFrameworksBuildPhase;
			buildActionMask = 2147483647;
			files = (
			);
			runOnlyForDeploymentPostprocessing = 0;
		};
/* End PBXFrameworksBuildPhase section */

/* Begin PBXGroup section */
		097ECD1A1A1059AE00D1D2D1 = {
			isa = PBXGroup;
			children = (
				09D00EB41A114F5D006827B4 /* CoreMedia.framework */,
				09D00EB21A114F4A006827B4 /* MediaPlayer.framework */,
				C42AE58A1A111ECB0009C213 /* AVKit.framework */,
				097ECD251A1059AE00D1D2D1 /* Chainer */,
				097ECD3E1A1059AE00D1D2D1 /* ChainerTests */,
				097ECD241A1059AE00D1D2D1 /* Products */,
			);
			sourceTree = "<group>";
		};
		097ECD241A1059AE00D1D2D1 /* Products */ = {
			isa = PBXGroup;
			children = (
				097ECD231A1059AE00D1D2D1 /* Chainer.app */,
				097ECD3B1A1059AE00D1D2D1 /* ChainerTests.xctest */,
			);
			name = Products;
			sourceTree = "<group>";
		};
		097ECD251A1059AE00D1D2D1 /* Chainer */ = {
			isa = PBXGroup;
			children = (
				097ECD671A105B0B00D1D2D1 /* ViewControllers */,
				097ECD511A105A2600D1D2D1 /* Models */,
				097ECD281A1059AE00D1D2D1 /* AppDelegate.swift */,
				097ECD2F1A1059AE00D1D2D1 /* Main.storyboard */,
				097ECD5C1A105ADE00D1D2D1 /* HelperLibraries */,
				097ECD321A1059AE00D1D2D1 /* Images.xcassets */,
				097ECD341A1059AE00D1D2D1 /* LaunchScreen.xib */,
				097ECD2A1A1059AE00D1D2D1 /* Chainer.xcdatamodeld */,
				099F7C851A1273A700604D63 /* Chainer-Bridging-Header.h */,
				097ECD261A1059AE00D1D2D1 /* Supporting Files */,
			);
			path = Chainer;
			sourceTree = "<group>";
		};
		097ECD261A1059AE00D1D2D1 /* Supporting Files */ = {
			isa = PBXGroup;
			children = (
				097ECD271A1059AE00D1D2D1 /* Info.plist */,
			);
			name = "Supporting Files";
			sourceTree = "<group>";
		};
		097ECD3E1A1059AE00D1D2D1 /* ChainerTests */ = {
			isa = PBXGroup;
			children = (
				097ECD411A1059AE00D1D2D1 /* ChainerTests.swift */,
				097ECD3F1A1059AE00D1D2D1 /* Supporting Files */,
			);
			path = ChainerTests;
			sourceTree = "<group>";
		};
		097ECD3F1A1059AE00D1D2D1 /* Supporting Files */ = {
			isa = PBXGroup;
			children = (
				097ECD401A1059AE00D1D2D1 /* Info.plist */,
			);
			name = "Supporting Files";
			sourceTree = "<group>";
		};
		097ECD511A105A2600D1D2D1 /* Models */ = {
			isa = PBXGroup;
			children = (
				099F7C861A1273F500604D63 /* VideoMessage.swift */,
				097ECD4D1A105A1A00D1D2D1 /* Videos.swift */,
				097ECD4B1A105A1A00D1D2D1 /* OnStartUp.swift */,
				097ECD4C1A105A1A00D1D2D1 /* Users.swift */,
				09854DB11A12FEF50048391D /* User.swift */,
			);
			name = Models;
			sourceTree = "<group>";
		};
		097ECD5C1A105ADE00D1D2D1 /* HelperLibraries */ = {
			isa = PBXGroup;
			children = (
				097ECD521A105AD700D1D2D1 /* HTTPRequestSerializer.swift */,
				097ECD531A105AD700D1D2D1 /* HTTPResponseSerializer.swift */,
				097ECD541A105AD700D1D2D1 /* HTTPTask.swift */,
				097ECD551A105AD700D1D2D1 /* HTTPUpload.swift */,
				097ECD561A105AD700D1D2D1 /* JsonJoy.swift */,
				C4B296021A12688900757B85 /* VideoPlayer.swift */,
			);
			name = HelperLibraries;
			sourceTree = "<group>";
		};
		097ECD671A105B0B00D1D2D1 /* ViewControllers */ = {
			isa = PBXGroup;
			children = (
				097ECD2D1A1059AE00D1D2D1 /* MainViewController.swift */,
				097ECD5E1A105AFA00D1D2D1 /* ContactsViewController.swift */,
				0962E45D1A119EC400661226 /* UserLoginController.swift */,
			);
			name = ViewControllers;
			sourceTree = "<group>";
		};
/* End PBXGroup section */

/* Begin PBXNativeTarget section */
		097ECD221A1059AE00D1D2D1 /* Chainer */ = {
			isa = PBXNativeTarget;
			buildConfigurationList = 097ECD451A1059AE00D1D2D1 /* Build configuration list for PBXNativeTarget "Chainer" */;
			buildPhases = (
				097ECD1F1A1059AE00D1D2D1 /* Sources */,
				097ECD201A1059AE00D1D2D1 /* Frameworks */,
				097ECD211A1059AE00D1D2D1 /* Resources */,
			);
			buildRules = (
				09B1CFD71A1307C500A5D2D7 /* PBXBuildRule */,
			);
			dependencies = (
			);
			name = Chainer;
			productName = Chainer;
			productReference = 097ECD231A1059AE00D1D2D1 /* Chainer.app */;
			productType = "com.apple.product-type.application";
		};
		097ECD3A1A1059AE00D1D2D1 /* ChainerTests */ = {
			isa = PBXNativeTarget;
			buildConfigurationList = 097ECD481A1059AE00D1D2D1 /* Build configuration list for PBXNativeTarget "ChainerTests" */;
			buildPhases = (
				097ECD371A1059AE00D1D2D1 /* Sources */,
				097ECD381A1059AE00D1D2D1 /* Frameworks */,
				097ECD391A1059AE00D1D2D1 /* Resources */,
			);
			buildRules = (
			);
			dependencies = (
				097ECD3D1A1059AE00D1D2D1 /* PBXTargetDependency */,
			);
			name = ChainerTests;
			productName = ChainerTests;
			productReference = 097ECD3B1A1059AE00D1D2D1 /* ChainerTests.xctest */;
			productType = "com.apple.product-type.bundle.unit-test";
		};
/* End PBXNativeTarget section */

/* Begin PBXProject section */
		097ECD1B1A1059AE00D1D2D1 /* Project object */ = {
			isa = PBXProject;
			attributes = {
				LastUpgradeCheck = 0610;
				ORGANIZATIONNAME = DBC;
				TargetAttributes = {
					097ECD221A1059AE00D1D2D1 = {
						CreatedOnToolsVersion = 6.1;
					};
					097ECD3A1A1059AE00D1D2D1 = {
						CreatedOnToolsVersion = 6.1;
						DevelopmentTeam = 3K93EXS2KS;
						TestTargetID = 097ECD221A1059AE00D1D2D1;
					};
				};
			};
			buildConfigurationList = 097ECD1E1A1059AE00D1D2D1 /* Build configuration list for PBXProject "Chainer" */;
			compatibilityVersion = "Xcode 3.2";
			developmentRegion = English;
			hasScannedForEncodings = 0;
			knownRegions = (
				en,
				Base,
			);
			mainGroup = 097ECD1A1A1059AE00D1D2D1;
			productRefGroup = 097ECD241A1059AE00D1D2D1 /* Products */;
			projectDirPath = "";
			projectRoot = "";
			targets = (
				097ECD221A1059AE00D1D2D1 /* Chainer */,
				097ECD3A1A1059AE00D1D2D1 /* ChainerTests */,
			);
		};
/* End PBXProject section */

/* Begin PBXResourcesBuildPhase section */
		097ECD211A1059AE00D1D2D1 /* Resources */ = {
			isa = PBXResourcesBuildPhase;
			buildActionMask = 2147483647;
			files = (
				097ECD311A1059AE00D1D2D1 /* Main.storyboard in Resources */,
				097ECD361A1059AE00D1D2D1 /* LaunchScreen.xib in Resources */,
				097ECD331A1059AE00D1D2D1 /* Images.xcassets in Resources */,
			);
			runOnlyForDeploymentPostprocessing = 0;
		};
		097ECD391A1059AE00D1D2D1 /* Resources */ = {
			isa = PBXResourcesBuildPhase;
			buildActionMask = 2147483647;
			files = (
			);
			runOnlyForDeploymentPostprocessing = 0;
		};
/* End PBXResourcesBuildPhase section */

/* Begin PBXSourcesBuildPhase section */
		097ECD1F1A1059AE00D1D2D1 /* Sources */ = {
			isa = PBXSourcesBuildPhase;
			buildActionMask = 2147483647;
			files = (
				C4B296031A12688900757B85 /* VideoPlayer.swift in Sources */,
				0962E45E1A119EC400661226 /* UserLoginController.swift in Sources */,
				097ECD581A105AD700D1D2D1 /* HTTPResponseSerializer.swift in Sources */,
				097ECD631A105AFA00D1D2D1 /* ContactsViewController.swift in Sources */,
				09854DB21A12FEF50048391D /* User.swift in Sources */,
				097ECD2E1A1059AE00D1D2D1 /* MainViewController.swift in Sources */,
				097ECD5B1A105AD700D1D2D1 /* JsonJoy.swift in Sources */,
				097ECD2C1A1059AE00D1D2D1 /* Chainer.xcdatamodeld in Sources */,
				097ECD591A105AD700D1D2D1 /* HTTPTask.swift in Sources */,
				097ECD4F1A105A1A00D1D2D1 /* Users.swift in Sources */,
				097ECD501A105A1A00D1D2D1 /* Videos.swift in Sources */,
				097ECD5A1A105AD700D1D2D1 /* HTTPUpload.swift in Sources */,
				097ECD571A105AD700D1D2D1 /* HTTPRequestSerializer.swift in Sources */,
				099F7C871A1273F500604D63 /* VideoMessage.swift in Sources */,
				097ECD4E1A105A1A00D1D2D1 /* OnStartUp.swift in Sources */,
				097ECD291A1059AE00D1D2D1 /* AppDelegate.swift in Sources */,
			);
			runOnlyForDeploymentPostprocessing = 0;
		};
		097ECD371A1059AE00D1D2D1 /* Sources */ = {
			isa = PBXSourcesBuildPhase;
			buildActionMask = 2147483647;
			files = (
				097ECD421A1059AE00D1D2D1 /* ChainerTests.swift in Sources */,
			);
			runOnlyForDeploymentPostprocessing = 0;
		};
/* End PBXSourcesBuildPhase section */

/* Begin PBXTargetDependency section */
		097ECD3D1A1059AE00D1D2D1 /* PBXTargetDependency */ = {
			isa = PBXTargetDependency;
			target = 097ECD221A1059AE00D1D2D1 /* Chainer */;
			targetProxy = 097ECD3C1A1059AE00D1D2D1 /* PBXContainerItemProxy */;
		};
/* End PBXTargetDependency section */

/* Begin PBXVariantGroup section */
		097ECD2F1A1059AE00D1D2D1 /* Main.storyboard */ = {
			isa = PBXVariantGroup;
			children = (
				097ECD301A1059AE00D1D2D1 /* Base */,
			);
			name = Main.storyboard;
			sourceTree = "<group>";
		};
		097ECD341A1059AE00D1D2D1 /* LaunchScreen.xib */ = {
			isa = PBXVariantGroup;
			children = (
				097ECD351A1059AE00D1D2D1 /* Base */,
			);
			name = LaunchScreen.xib;
			sourceTree = "<group>";
		};
/* End PBXVariantGroup section */

/* Begin XCBuildConfiguration section */
		097ECD431A1059AE00D1D2D1 /* Debug */ = {
			isa = XCBuildConfiguration;
			buildSettings = {
				ALWAYS_SEARCH_USER_PATHS = NO;
				CLANG_CXX_LANGUAGE_STANDARD = "gnu++0x";
				CLANG_CXX_LIBRARY = "libc++";
				CLANG_ENABLE_MODULES = YES;
				CLANG_ENABLE_OBJC_ARC = YES;
				CLANG_WARN_BOOL_CONVERSION = YES;
				CLANG_WARN_CONSTANT_CONVERSION = YES;
				CLANG_WARN_DIRECT_OBJC_ISA_USAGE = YES_ERROR;
				CLANG_WARN_EMPTY_BODY = YES;
				CLANG_WARN_ENUM_CONVERSION = YES;
				CLANG_WARN_INT_CONVERSION = YES;
				CLANG_WARN_OBJC_ROOT_CLASS = YES_ERROR;
				CLANG_WARN_UNREACHABLE_CODE = YES;
				CLANG_WARN__DUPLICATE_METHOD_MATCH = YES;
				"CODE_SIGN_IDENTITY[sdk=iphoneos*]" = "iPhone Developer";
				COPY_PHASE_STRIP = NO;
				ENABLE_STRICT_OBJC_MSGSEND = YES;
				GCC_C_LANGUAGE_STANDARD = gnu99;
				GCC_DYNAMIC_NO_PIC = NO;
				GCC_OPTIMIZATION_LEVEL = 0;
				GCC_PREPROCESSOR_DEFINITIONS = (
					"DEBUG=1",
					"$(inherited)",
				);
				GCC_SYMBOLS_PRIVATE_EXTERN = NO;
				GCC_WARN_64_TO_32_BIT_CONVERSION = YES;
				GCC_WARN_ABOUT_RETURN_TYPE = YES_ERROR;
				GCC_WARN_UNDECLARED_SELECTOR = YES;
				GCC_WARN_UNINITIALIZED_AUTOS = YES_AGGRESSIVE;
				GCC_WARN_UNUSED_FUNCTION = YES;
				GCC_WARN_UNUSED_VARIABLE = YES;
				IPHONEOS_DEPLOYMENT_TARGET = 8.1;
				MTL_ENABLE_DEBUG_INFO = YES;
				ONLY_ACTIVE_ARCH = YES;
				PROVISIONING_PROFILE = "89521e70-d646-4042-b4c2-805615894af5";
				SDKROOT = iphoneos;
				SWIFT_OPTIMIZATION_LEVEL = "-Onone";
			};
			name = Debug;
		};
		097ECD441A1059AE00D1D2D1 /* Release */ = {
			isa = XCBuildConfiguration;
			buildSettings = {
				ALWAYS_SEARCH_USER_PATHS = NO;
				CLANG_CXX_LANGUAGE_STANDARD = "gnu++0x";
				CLANG_CXX_LIBRARY = "libc++";
				CLANG_ENABLE_MODULES = YES;
				CLANG_ENABLE_OBJC_ARC = YES;
				CLANG_WARN_BOOL_CONVERSION = YES;
				CLANG_WARN_CONSTANT_CONVERSION = YES;
				CLANG_WARN_DIRECT_OBJC_ISA_USAGE = YES_ERROR;
				CLANG_WARN_EMPTY_BODY = YES;
				CLANG_WARN_ENUM_CONVERSION = YES;
				CLANG_WARN_INT_CONVERSION = YES;
				CLANG_WARN_OBJC_ROOT_CLASS = YES_ERROR;
				CLANG_WARN_UNREACHABLE_CODE = YES;
				CLANG_WARN__DUPLICATE_METHOD_MATCH = YES;
				"CODE_SIGN_IDENTITY[sdk=iphoneos*]" = "iPhone Developer";
				COPY_PHASE_STRIP = YES;
				ENABLE_NS_ASSERTIONS = NO;
				ENABLE_STRICT_OBJC_MSGSEND = YES;
				GCC_C_LANGUAGE_STANDARD = gnu99;
				GCC_WARN_64_TO_32_BIT_CONVERSION = YES;
				GCC_WARN_ABOUT_RETURN_TYPE = YES_ERROR;
				GCC_WARN_UNDECLARED_SELECTOR = YES;
				GCC_WARN_UNINITIALIZED_AUTOS = YES_AGGRESSIVE;
				GCC_WARN_UNUSED_FUNCTION = YES;
				GCC_WARN_UNUSED_VARIABLE = YES;
				IPHONEOS_DEPLOYMENT_TARGET = 8.1;
				MTL_ENABLE_DEBUG_INFO = NO;
				PROVISIONING_PROFILE = "89521e70-d646-4042-b4c2-805615894af5";
				SDKROOT = iphoneos;
				VALIDATE_PRODUCT = YES;
			};
			name = Release;
		};
		097ECD461A1059AE00D1D2D1 /* Debug */ = {
			isa = XCBuildConfiguration;
			buildSettings = {
				ASSETCATALOG_COMPILER_APPICON_NAME = AppIcon;
				CLANG_ENABLE_MODULES = YES;
				CODE_SIGN_IDENTITY = "iPhone Developer";
				"CODE_SIGN_IDENTITY[sdk=iphoneos*]" = "iPhone Developer";
				INFOPLIST_FILE = Chainer/Info.plist;
				LD_RUNPATH_SEARCH_PATHS = "$(inherited) @executable_path/Frameworks";
				PRODUCT_NAME = "$(TARGET_NAME)";
				PROVISIONING_PROFILE = "";
				SWIFT_OBJC_BRIDGING_HEADER = "Chainer/Chainer-Bridging-Header.h";
				SWIFT_OPTIMIZATION_LEVEL = "-Onone";
			};
			name = Debug;
		};
		097ECD471A1059AE00D1D2D1 /* Release */ = {
			isa = XCBuildConfiguration;
			buildSettings = {
				ASSETCATALOG_COMPILER_APPICON_NAME = AppIcon;
				CLANG_ENABLE_MODULES = YES;
				CODE_SIGN_IDENTITY = "iPhone Developer";
				"CODE_SIGN_IDENTITY[sdk=iphoneos*]" = "iPhone Developer";
				INFOPLIST_FILE = Chainer/Info.plist;
				LD_RUNPATH_SEARCH_PATHS = "$(inherited) @executable_path/Frameworks";
				PRODUCT_NAME = "$(TARGET_NAME)";
				PROVISIONING_PROFILE = "";
				SWIFT_OBJC_BRIDGING_HEADER = "Chainer/Chainer-Bridging-Header.h";
			};
			name = Release;
		};
		097ECD491A1059AE00D1D2D1 /* Debug */ = {
			isa = XCBuildConfiguration;
			buildSettings = {
				BUNDLE_LOADER = "$(TEST_HOST)";
				CODE_SIGN_IDENTITY = "iPhone Developer";
				"CODE_SIGN_IDENTITY[sdk=iphoneos*]" = "iPhone Developer";
				FRAMEWORK_SEARCH_PATHS = (
					"$(SDKROOT)/Developer/Library/Frameworks",
					"$(inherited)",
				);
				GCC_PREPROCESSOR_DEFINITIONS = (
					"DEBUG=1",
					"$(inherited)",
				);
				INFOPLIST_FILE = ChainerTests/Info.plist;
				LD_RUNPATH_SEARCH_PATHS = "$(inherited) @executable_path/Frameworks @loader_path/Frameworks";
				PRODUCT_NAME = "$(TARGET_NAME)";
				PROVISIONING_PROFILE = "";
				TEST_HOST = "$(BUILT_PRODUCTS_DIR)/Chainer.app/Chainer";
			};
			name = Debug;
		};
		097ECD4A1A1059AE00D1D2D1 /* Release */ = {
			isa = XCBuildConfiguration;
			buildSettings = {
				BUNDLE_LOADER = "$(TEST_HOST)";
				CODE_SIGN_IDENTITY = "iPhone Developer";
				"CODE_SIGN_IDENTITY[sdk=iphoneos*]" = "iPhone Developer";
				FRAMEWORK_SEARCH_PATHS = (
					"$(SDKROOT)/Developer/Library/Frameworks",
					"$(inherited)",
				);
				INFOPLIST_FILE = ChainerTests/Info.plist;
				LD_RUNPATH_SEARCH_PATHS = "$(inherited) @executable_path/Frameworks @loader_path/Frameworks";
				PRODUCT_NAME = "$(TARGET_NAME)";
				PROVISIONING_PROFILE = "";
				TEST_HOST = "$(BUILT_PRODUCTS_DIR)/Chainer.app/Chainer";
			};
			name = Release;
		};
/* End XCBuildConfiguration section */

/* Begin XCConfigurationList section */
		097ECD1E1A1059AE00D1D2D1 /* Build configuration list for PBXProject "Chainer" */ = {
			isa = XCConfigurationList;
			buildConfigurations = (
				097ECD431A1059AE00D1D2D1 /* Debug */,
				097ECD441A1059AE00D1D2D1 /* Release */,
			);
			defaultConfigurationIsVisible = 0;
			defaultConfigurationName = Release;
		};
		097ECD451A1059AE00D1D2D1 /* Build configuration list for PBXNativeTarget "Chainer" */ = {
			isa = XCConfigurationList;
			buildConfigurations = (
				097ECD461A1059AE00D1D2D1 /* Debug */,
				097ECD471A1059AE00D1D2D1 /* Release */,
			);
			defaultConfigurationIsVisible = 0;
			defaultConfigurationName = Release;
		};
		097ECD481A1059AE00D1D2D1 /* Build configuration list for PBXNativeTarget "ChainerTests" */ = {
			isa = XCConfigurationList;
			buildConfigurations = (
				097ECD491A1059AE00D1D2D1 /* Debug */,
				097ECD4A1A1059AE00D1D2D1 /* Release */,
			);
			defaultConfigurationIsVisible = 0;
			defaultConfigurationName = Release;
		};
/* End XCConfigurationList section */

/* Begin XCVersionGroup section */
		097ECD2A1A1059AE00D1D2D1 /* Chainer.xcdatamodeld */ = {
			isa = XCVersionGroup;
			children = (
				097ECD2B1A1059AE00D1D2D1 /* Chainer.xcdatamodel */,
			);
			currentVersion = 097ECD2B1A1059AE00D1D2D1 /* Chainer.xcdatamodel */;
			path = Chainer.xcdatamodeld;
			sourceTree = "<group>";
			versionGroupType = wrapper.xcdatamodel;
		};
/* End XCVersionGroup section */
	};
	rootObject = 097ECD1B1A1059AE00D1D2D1 /* Project object */;
}
